
Microsoft Visual Studio Solution File, Format Version 12.00
# Visual Studio Version 16
VisualStudioVersion = 16.0.29318.209
MinimumVisualStudioVersion = 10.0.40219.1
Project("{FAE04EC0-301F-11D3-BF4B-00C04F79EFBC}") = "Business Falcon College", "Business Falcon College\Business Falcon College.csproj", "{06A7AE44-FC65-4E0D-94E5-F2DC92E3CC98}"
EndProject
Global
	GlobalSection(SolutionConfigurationPlatforms) = preSolution
		Debug|Any CPU = Debug|Any CPU
		Release|Any CPU = Release|Any CPU
	EndGlobalSection
	GlobalSection(ProjectConfigurationPlatforms) = postSolution
		{06A7AE44-FC65-4E0D-94E5-F2DC92E3CC98}.Debug|Any CPU.ActiveCfg = Debug|Any CPU
		{06A7AE44-FC65-4E0D-94E5-F2DC92E3CC98}.Debug|Any CPU.Build.0 = Debug|Any CPU
		{06A7AE44-FC65-4E0D-94E5-F2DC92E3CC98}.Release|Any CPU.ActiveCfg = Release|Any CPU
		{06A7AE44-FC65-4E0D-94E5-F2DC92E3CC98}.Release|Any CPU.Build.0 = Release|Any CPU
	EndGlobalSection
	GlobalSection(SolutionProperties) = preSolution
		HideSolutionNode = FALSE
	EndGlobalSection
	GlobalSection(ExtensibilityGlobals) = postSolution
		SolutionGuid = {94D6F40C-CCBD-443A-8C28-B71F307246A1}
	EndGlobalSection
EndGlobal
